
Microsoft Visual Studio Solution File, Format Version 12.00
# Visual Studio Version 16
VisualStudioVersion = 16.0.31129.286
MinimumVisualStudioVersion = 10.0.40219.1
Project("{FAE04EC0-301F-11D3-BF4B-00C04F79EFBC}") = "SimuladorDeTecladoAntigo", "SimuladorDeTecladoAntigo\SimuladorDeTecladoAntigo.csproj", "{263AD4DB-2A89-43AA-91F4-60404D554689}"
EndProject
Project("{FAE04EC0-301F-11D3-BF4B-00C04F79EFBC}") = "SimuladorDeTecladoAntigoTests", "SimuladorDeTecladoAntigoTests\SimuladorDeTecladoAntigoTests.csproj", "{1F122E92-9E6A-4663-B7A5-FC03EB4A9464}"
EndProject
Global
	GlobalSection(SolutionConfigurationPlatforms) = preSolution
		Debug|Any CPU = Debug|Any CPU
		Release|Any CPU = Release|Any CPU
	EndGlobalSection
	GlobalSection(ProjectConfigurationPlatforms) = postSolution
		{263AD4DB-2A89-43AA-91F4-60404D554689}.Debug|Any CPU.ActiveCfg = Debug|Any CPU
		{263AD4DB-2A89-43AA-91F4-60404D554689}.Debug|Any CPU.Build.0 = Debug|Any CPU
		{263AD4DB-2A89-43AA-91F4-60404D554689}.Release|Any CPU.ActiveCfg = Release|Any CPU
		{263AD4DB-2A89-43AA-91F4-60404D554689}.Release|Any CPU.Build.0 = Release|Any CPU
		{1F122E92-9E6A-4663-B7A5-FC03EB4A9464}.Debug|Any CPU.ActiveCfg = Debug|Any CPU
		{1F122E92-9E6A-4663-B7A5-FC03EB4A9464}.Debug|Any CPU.Build.0 = Debug|Any CPU
		{1F122E92-9E6A-4663-B7A5-FC03EB4A9464}.Release|Any CPU.ActiveCfg = Release|Any CPU
		{1F122E92-9E6A-4663-B7A5-FC03EB4A9464}.Release|Any CPU.Build.0 = Release|Any CPU
	EndGlobalSection
	GlobalSection(SolutionProperties) = preSolution
		HideSolutionNode = FALSE
	EndGlobalSection
	GlobalSection(ExtensibilityGlobals) = postSolution
		SolutionGuid = {6C8F0587-08AB-4DCD-9B43-9A37D8B0EC78}
	EndGlobalSection
EndGlobal
